
Microsoft Visual Studio Solution File, Format Version 12.00
# Visual Studio Version 17
VisualStudioVersion = 17.7.34221.43
MinimumVisualStudioVersion = 10.0.40219.1
Project("{FAE04EC0-301F-11D3-BF4B-00C04F79EFBC}") = "photogalary", "photogalary\photogalary.csproj", "{16BBBA97-F946-4186-AF7F-7750DC0FD4A6}"
EndProject
Global
	GlobalSection(SolutionConfigurationPlatforms) = preSolution
		Debug|Any CPU = Debug|Any CPU
		Release|Any CPU = Release|Any CPU
	EndGlobalSection
	GlobalSection(ProjectConfigurationPlatforms) = postSolution
		{16BBBA97-F946-4186-AF7F-7750DC0FD4A6}.Debug|Any CPU.ActiveCfg = Debug|Any CPU
		{16BBBA97-F946-4186-AF7F-7750DC0FD4A6}.Debug|Any CPU.Build.0 = Debug|Any CPU
		{16BBBA97-F946-4186-AF7F-7750DC0FD4A6}.Debug|Any CPU.Deploy.0 = Debug|Any CPU
		{16BBBA97-F946-4186-AF7F-7750DC0FD4A6}.Release|Any CPU.ActiveCfg = Release|Any CPU
		{16BBBA97-F946-4186-AF7F-7750DC0FD4A6}.Release|Any CPU.Build.0 = Release|Any CPU
		{16BBBA97-F946-4186-AF7F-7750DC0FD4A6}.Release|Any CPU.Deploy.0 = Release|Any CPU
	EndGlobalSection
	GlobalSection(SolutionProperties) = preSolution
		HideSolutionNode = FALSE
	EndGlobalSection
	GlobalSection(ExtensibilityGlobals) = postSolution
		SolutionGuid = {8AC68000-65D3-4F6D-8B16-C777CBC5FA8A}
	EndGlobalSection
EndGlobal
